
Microsoft Visual Studio Solution File, Format Version 12.00
# Visual Studio Version 16
VisualStudioVersion = 16.0.30413.136
MinimumVisualStudioVersion = 10.0.40219.1
Project("{8BC9CEB8-8B4A-11D0-8D11-00A0C91BC942}") = "循环链表", "循环链表\循环链表.vcxproj", "{FD5516F3-B438-4135-A2E3-CB41F9236890}"
EndProject
Global
	GlobalSection(SolutionConfigurationPlatforms) = preSolution
		Debug|x64 = Debug|x64
		Debug|x86 = Debug|x86
		Release|x64 = Release|x64
		Release|x86 = Release|x86
	EndGlobalSection
	GlobalSection(ProjectConfigurationPlatforms) = postSolution
		{FD5516F3-B438-4135-A2E3-CB41F9236890}.Debug|x64.ActiveCfg = Debug|x64
		{FD5516F3-B438-4135-A2E3-CB41F9236890}.Debug|x64.Build.0 = Debug|x64
		{FD5516F3-B438-4135-A2E3-CB41F9236890}.Debug|x86.ActiveCfg = Debug|Win32
		{FD5516F3-B438-4135-A2E3-CB41F9236890}.Debug|x86.Build.0 = Debug|Win32
		{FD5516F3-B438-4135-A2E3-CB41F9236890}.Release|x64.ActiveCfg = Release|x64
		{FD5516F3-B438-4135-A2E3-CB41F9236890}.Release|x64.Build.0 = Release|x64
		{FD5516F3-B438-4135-A2E3-CB41F9236890}.Release|x86.ActiveCfg = Release|Win32
		{FD5516F3-B438-4135-A2E3-CB41F9236890}.Release|x86.Build.0 = Release|Win32
	EndGlobalSection
	GlobalSection(SolutionProperties) = preSolution
		HideSolutionNode = FALSE
	EndGlobalSection
	GlobalSection(ExtensibilityGlobals) = postSolution
		SolutionGuid = {92499E17-DA57-4C4C-ACE0-8FA461444337}
	EndGlobalSection
EndGlobal
